
Microsoft Visual Studio Solution File, Format Version 12.00
# Visual Studio Version 17
VisualStudioVersion = 17.5.002.0
MinimumVisualStudioVersion = 10.0.40219.1
Project("{9A19103F-16F7-4668-BE54-9A1E7A4F7556}") = "ProjetoFinal", "ProjetoFinal.csproj", "{402E8CB3-B6CA-4115-A94D-D5912C1BC610}"
EndProject
Global
	GlobalSection(SolutionConfigurationPlatforms) = preSolution
		Debug|Any CPU = Debug|Any CPU
		Release|Any CPU = Release|Any CPU
	EndGlobalSection
	GlobalSection(ProjectConfigurationPlatforms) = postSolution
		{402E8CB3-B6CA-4115-A94D-D5912C1BC610}.Debug|Any CPU.ActiveCfg = Debug|Any CPU
		{402E8CB3-B6CA-4115-A94D-D5912C1BC610}.Debug|Any CPU.Build.0 = Debug|Any CPU
		{402E8CB3-B6CA-4115-A94D-D5912C1BC610}.Release|Any CPU.ActiveCfg = Release|Any CPU
		{402E8CB3-B6CA-4115-A94D-D5912C1BC610}.Release|Any CPU.Build.0 = Release|Any CPU
	EndGlobalSection
	GlobalSection(SolutionProperties) = preSolution
		HideSolutionNode = FALSE
	EndGlobalSection
	GlobalSection(ExtensibilityGlobals) = postSolution
		SolutionGuid = {BABB89D3-F9A0-4DCF-923B-757B9B5221C3}
	EndGlobalSection
EndGlobal
